// !$*UTF8*$!
{
	archiveVersion = 1;
	classes = {
	};
	objectVersion = 50;
	objects = {

/* Begin PBXBuildFile section */
		EF77462026FA46F0004EB611 /* DemoList.swift in Sources */ = {isa = PBXBuildFile; fileRef = EF77461F26FA46F0004EB611 /* DemoList.swift */; };
		EF77462226FAA23B004EB611 /* Callout.swift in Sources */ = {isa = PBXBuildFile; fileRef = EF77462126FAA23A004EB611 /* Callout.swift */; };
		EF77462426FAA340004EB611 /* Guide.swift in Sources */ = {isa = PBXBuildFile; fileRef = EF77462326FAA340004EB611 /* Guide.swift */; };
		EF77462626FAA381004EB611 /* ContainerView.swift in Sources */ = {isa = PBXBuildFile; fileRef = EF77462526FAA381004EB611 /* ContainerView.swift */; };
		EFF2E75A26F2474600737368 /* SherpaTestApp.swift in Sources */ = {isa = PBXBuildFile; fileRef = EFF2E75926F2474600737368 /* SherpaTestApp.swift */; };
		EFF2E75C26F2474600737368 /* ContentView.swift in Sources */ = {isa = PBXBuildFile; fileRef = EFF2E75B26F2474600737368 /* ContentView.swift */; };
		EFF2E75E26F2474800737368 /* Assets.xcassets in Resources */ = {isa = PBXBuildFile; fileRef = EFF2E75D26F2474800737368 /* Assets.xcassets */; };
		EFF2E76126F2474800737368 /* Preview Assets.xcassets in Resources */ = {isa = PBXBuildFile; fileRef = EFF2E76026F2474800737368 /* Preview Assets.xcassets */; };
/* End PBXBuildFile section */

/* Begin PBXFileReference section */
		EF77461F26FA46F0004EB611 /* DemoList.swift */ = {isa = PBXFileReference; lastKnownFileType = sourcecode.swift; path = DemoList.swift; sourceTree = "<group>"; };
		EF77462126FAA23A004EB611 /* Callout.swift */ = {isa = PBXFileReference; lastKnownFileType = sourcecode.swift; path = Callout.swift; sourceTree = "<group>"; };
		EF77462326FAA340004EB611 /* Guide.swift */ = {isa = PBXFileReference; lastKnownFileType = sourcecode.swift; path = Guide.swift; sourceTree = "<group>"; };
		EF77462526FAA381004EB611 /* ContainerView.swift */ = {isa = PBXFileReference; lastKnownFileType = sourcecode.swift; path = ContainerView.swift; sourceTree = "<group>"; };
		EFF2E75626F2474600737368 /* SherpaTest.app */ = {isa = PBXFileReference; explicitFileType = wrapper.application; includeInIndex = 0; path = SherpaTest.app; sourceTree = BUILT_PRODUCTS_DIR; };
		EFF2E75926F2474600737368 /* SherpaTestApp.swift */ = {isa = PBXFileReference; lastKnownFileType = sourcecode.swift; path = SherpaTestApp.swift; sourceTree = "<group>"; };
		EFF2E75B26F2474600737368 /* ContentView.swift */ = {isa = PBXFileReference; lastKnownFileType = sourcecode.swift; path = ContentView.swift; sourceTree = "<group>"; };
		EFF2E75D26F2474800737368 /* Assets.xcassets */ = {isa = PBXFileReference; lastKnownFileType = folder.assetcatalog; path = Assets.xcassets; sourceTree = "<group>"; };
		EFF2E76026F2474800737368 /* Preview Assets.xcassets */ = {isa = PBXFileReference; lastKnownFileType = folder.assetcatalog; path = "Preview Assets.xcassets"; sourceTree = "<group>"; };
		EFF2E76226F2474800737368 /* Info.plist */ = {isa = PBXFileReference; lastKnownFileType = text.plist.xml; path = Info.plist; sourceTree = "<group>"; };
/* End PBXFileReference section */

/* Begin PBXFrameworksBuildPhase section */
		EFF2E75326F2474600737368 /* Frameworks */ = {
			isa = PBXFrameworksBuildPhase;
			buildActionMask = 2147483647;
			files = (
			);
			runOnlyForDeploymentPostprocessing = 0;
		};
/* End PBXFrameworksBuildPhase section */

/* Begin PBXGroup section */
		EFF2E74D26F2474600737368 = {
			isa = PBXGroup;
			children = (
				EFF2E75826F2474600737368 /* SherpaTest */,
				EFF2E75726F2474600737368 /* Products */,
			);
			sourceTree = "<group>";
		};
		EFF2E75726F2474600737368 /* Products */ = {
			isa = PBXGroup;
			children = (
				EFF2E75626F2474600737368 /* SherpaTest.app */,
			);
			name = Products;
			sourceTree = "<group>";
		};
		EFF2E75826F2474600737368 /* SherpaTest */ = {
			isa = PBXGroup;
			children = (
				EFF2E75926F2474600737368 /* SherpaTestApp.swift */,
				EFF2E75B26F2474600737368 /* ContentView.swift */,
				EF77461F26FA46F0004EB611 /* DemoList.swift */,
				EF77462126FAA23A004EB611 /* Callout.swift */,
				EF77462326FAA340004EB611 /* Guide.swift */,
				EF77462526FAA381004EB611 /* ContainerView.swift */,
				EFF2E75D26F2474800737368 /* Assets.xcassets */,
				EFF2E76226F2474800737368 /* Info.plist */,
				EFF2E75F26F2474800737368 /* Preview Content */,
			);
			path = SherpaTest;
			sourceTree = "<group>";
		};
		EFF2E75F26F2474800737368 /* Preview Content */ = {
			isa = PBXGroup;
			children = (
				EFF2E76026F2474800737368 /* Preview Assets.xcassets */,
			);
			path = "Preview Content";
			sourceTree = "<group>";
		};
/* End PBXGroup section */

/* Begin PBXNativeTarget section */
		EFF2E75526F2474600737368 /* SherpaTest */ = {
			isa = PBXNativeTarget;
			buildConfigurationList = EFF2E76526F2474800737368 /* Build configuration list for PBXNativeTarget "SherpaTest" */;
			buildPhases = (
				EFF2E75226F2474600737368 /* Sources */,
				EFF2E75326F2474600737368 /* Frameworks */,
				EFF2E75426F2474600737368 /* Resources */,
			);
			buildRules = (
			);
			dependencies = (
			);
			name = SherpaTest;
			productName = SherpaTest;
			productReference = EFF2E75626F2474600737368 /* SherpaTest.app */;
			productType = "com.apple.product-type.application";
		};
/* End PBXNativeTarget section */

/* Begin PBXProject section */
		EFF2E74E26F2474600737368 /* Project object */ = {
			isa = PBXProject;
			attributes = {
				LastSwiftUpdateCheck = 1250;
				LastUpgradeCheck = 1250;
				TargetAttributes = {
					EFF2E75526F2474600737368 = {
						CreatedOnToolsVersion = 12.5.1;
					};
				};
			};
			buildConfigurationList = EFF2E75126F2474600737368 /* Build configuration list for PBXProject "SherpaTest" */;
			compatibilityVersion = "Xcode 9.3";
			developmentRegion = en;
			hasScannedForEncodings = 0;
			knownRegions = (
				en,
				Base,
			);
			mainGroup = EFF2E74D26F2474600737368;
			productRefGroup = EFF2E75726F2474600737368 /* Products */;
			projectDirPath = "";
			projectRoot = "";
			targets = (
				EFF2E75526F2474600737368 /* SherpaTest */,
			);
		};
/* End PBXProject section */

/* Begin PBXResourcesBuildPhase section */
		EFF2E75426F2474600737368 /* Resources */ = {
			isa = PBXResourcesBuildPhase;
			buildActionMask = 2147483647;
			files = (
				EFF2E76126F2474800737368 /* Preview Assets.xcassets in Resources */,
				EFF2E75E26F2474800737368 /* Assets.xcassets in Resources */,
			);
			runOnlyForDeploymentPostprocessing = 0;
		};
/* End PBXResourcesBuildPhase section */

/* Begin PBXSourcesBuildPhase section */
		EFF2E75226F2474600737368 /* Sources */ = {
			isa = PBXSourcesBuildPhase;
			buildActionMask = 2147483647;
			files = (
				EF77462226FAA23B004EB611 /* Callout.swift in Sources */,
				EFF2E75C26F2474600737368 /* ContentView.swift in Sources */,
				EF77462626FAA381004EB611 /* ContainerView.swift in Sources */,
				EF77462426FAA340004EB611 /* Guide.swift in Sources */,
				EF77462026FA46F0004EB611 /* DemoList.swift in Sources */,
				EFF2E75A26F2474600737368 /* SherpaTestApp.swift in Sources */,
			);
			runOnlyForDeploymentPostprocessing = 0;
		};
/* End PBXSourcesBuildPhase section */

/* Begin XCBuildConfiguration section */
		EFF2E76326F2474800737368 /* Debug */ = {
			isa = XCBuildConfiguration;
			buildSettings = {
				ALWAYS_SEARCH_USER_PATHS = NO;
				CLANG_ANALYZER_NONNULL = YES;
				CLANG_ANALYZER_NUMBER_OBJECT_CONVERSION = YES_AGGRESSIVE;
				CLANG_CXX_LANGUAGE_STANDARD = "gnu++14";
				CLANG_CXX_LIBRARY = "libc++";
				CLANG_ENABLE_MODULES = YES;
				CLANG_ENABLE_OBJC_ARC = YES;
				CLANG_ENABLE_OBJC_WEAK = YES;
				CLANG_WARN_BLOCK_CAPTURE_AUTORELEASING = YES;
				CLANG_WARN_BOOL_CONVERSION = YES;
				CLANG_WARN_COMMA = YES;
				CLANG_WARN_CONSTANT_CONVERSION = YES;
				CLANG_WARN_DEPRECATED_OBJC_IMPLEMENTATIONS = YES;
				CLANG_WARN_DIRECT_OBJC_ISA_USAGE = YES_ERROR;
				CLANG_WARN_DOCUMENTATION_COMMENTS = YES;
				CLANG_WARN_EMPTY_BODY = YES;
				CLANG_WARN_ENUM_CONVERSION = YES;
				CLANG_WARN_INFINITE_RECURSION = YES;
				CLANG_WARN_INT_CONVERSION = YES;
				CLANG_WARN_NON_LITERAL_NULL_CONVERSION = YES;
				CLANG_WARN_OBJC_IMPLICIT_RETAIN_SELF = YES;
				CLANG_WARN_OBJC_LITERAL_CONVERSION = YES;
				CLANG_WARN_OBJC_ROOT_CLASS = YES_ERROR;
				CLANG_WARN_QUOTED_INCLUDE_IN_FRAMEWORK_HEADER = YES;
				CLANG_WARN_RANGE_LOOP_ANALYSIS = YES;
				CLANG_WARN_STRICT_PROTOTYPES = YES;
				CLANG_WARN_SUSPICIOUS_MOVE = YES;
				CLANG_WARN_UNGUARDED_AVAILABILITY = YES_AGGRESSIVE;
				CLANG_WARN_UNREACHABLE_CODE = YES;
				CLANG_WARN__DUPLICATE_METHOD_MATCH = YES;
				COPY_PHASE_STRIP = NO;
				DEBUG_INFORMATION_FORMAT = dwarf;
				ENABLE_STRICT_OBJC_MSGSEND = YES;
				ENABLE_TESTABILITY = YES;
				GCC_C_LANGUAGE_STANDARD = gnu11;
				GCC_DYNAMIC_NO_PIC = NO;
				GCC_NO_COMMON_BLOCKS = YES;
				GCC_OPTIMIZATION_LEVEL = 0;
				GCC_PREPROCESSOR_DEFINITIONS = (
					"DEBUG=1",
					"$(inherited)",
				);
				GCC_WARN_64_TO_32_BIT_CONVERSION = YES;
				GCC_WARN_ABOUT_RETURN_TYPE = YES_ERROR;
				GCC_WARN_UNDECLARED_SELECTOR = YES;
				GCC_WARN_UNINITIALIZED_AUTOS = YES_AGGRESSIVE;
				GCC_WARN_UNUSED_FUNCTION = YES;
				GCC_WARN_UNUSED_VARIABLE = YES;
				IPHONEOS_DEPLOYMENT_TARGET = 14.5;
				MTL_ENABLE_DEBUG_INFO = INCLUDE_SOURCE;
				MTL_FAST_MATH = YES;
				ONLY_ACTIVE_ARCH = YES;
				SDKROOT = iphoneos;
				SWIFT_ACTIVE_COMPILATION_CONDITIONS = DEBUG;
				SWIFT_OPTIMIZATION_LEVEL = "-Onone";
			};
			name = Debug;
		};
		EFF2E76426F2474800737368 /* Release */ = {
			isa = XCBuildConfiguration;
			buildSettings = {
				ALWAYS_SEARCH_USER_PATHS = NO;
				CLANG_ANALYZER_NONNULL = YES;
				CLANG_ANALYZER_NUMBER_OBJECT_CONVERSION = YES_AGGRESSIVE;
				CLANG_CXX_LANGUAGE_STANDARD = "gnu++14";
				CLANG_CXX_LIBRARY = "libc++";
				CLANG_ENABLE_MODULES = YES;
				CLANG_ENABLE_OBJC_ARC = YES;
				CLANG_ENABLE_OBJC_WEAK = YES;
				CLANG_WARN_BLOCK_CAPTURE_AUTORELEASING = YES;
				CLANG_WARN_BOOL_CONVERSION = YES;
				CLANG_WARN_COMMA = YES;
				CLANG_WARN_CONSTANT_CONVERSION = YES;
				CLANG_WARN_DEPRECATED_OBJC_IMPLEMENTATIONS = YES;
				CLANG_WARN_DIRECT_OBJC_ISA_USAGE = YES_ERROR;
				CLANG_WARN_DOCUMENTATION_COMMENTS = YES;
				CLANG_WARN_EMPTY_BODY = YES;
				CLANG_WARN_ENUM_CONVERSION = YES;
				CLANG_WARN_INFINITE_RECURSION = YES;
				CLANG_WARN_INT_CONVERSION = YES;
				CLANG_WARN_NON_LITERAL_NULL_CONVERSION = YES;
				CLANG_WARN_OBJC_IMPLICIT_RETAIN_SELF = YES;
				CLANG_WARN_OBJC_LITERAL_CONVERSION = YES;
				CLANG_WARN_OBJC_ROOT_CLASS = YES_ERROR;
				CLANG_WARN_QUOTED_INCLUDE_IN_FRAMEWORK_HEADER = YES;
				CLANG_WARN_RANGE_LOOP_ANALYSIS = YES;
				CLANG_WARN_STRICT_PROTOTYPES = YES;
				CLANG_WARN_SUSPICIOUS_MOVE = YES;
				CLANG_WARN_UNGUARDED_AVAILABILITY = YES_AGGRESSIVE;
				CLANG_WARN_UNREACHABLE_CODE = YES;
				CLANG_WARN__DUPLICATE_METHOD_MATCH = YES;
				COPY_PHASE_STRIP = NO;
				DEBUG_INFORMATION_FORMAT = "dwarf-with-dsym";
				ENABLE_NS_ASSERTIONS = NO;
				ENABLE_STRICT_OBJC_MSGSEND = YES;
				GCC_C_LANGUAGE_STANDARD = gnu11;
				GCC_NO_COMMON_BLOCKS = YES;
				GCC_WARN_64_TO_32_BIT_CONVERSION = YES;
				GCC_WARN_ABOUT_RETURN_TYPE = YES_ERROR;
				GCC_WARN_UNDECLARED_SELECTOR = YES;
				GCC_WARN_UNINITIALIZED_AUTOS = YES_AGGRESSIVE;
				GCC_WARN_UNUSED_FUNCTION = YES;
				GCC_WARN_UNUSED_VARIABLE = YES;
				IPHONEOS_DEPLOYMENT_TARGET = 14.5;
				MTL_ENABLE_DEBUG_INFO = NO;
				MTL_FAST_MATH = YES;
				SDKROOT = iphoneos;
				SWIFT_COMPILATION_MODE = wholemodule;
				SWIFT_OPTIMIZATION_LEVEL = "-O";
				VALIDATE_PRODUCT = YES;
			};
			name = Release;
		};
		EFF2E76626F2474800737368 /* Debug */ = {
			isa = XCBuildConfiguration;
			buildSettings = {
				ASSETCATALOG_COMPILER_APPICON_NAME = AppIcon;
				ASSETCATALOG_COMPILER_GLOBAL_ACCENT_COLOR_NAME = AccentColor;
				CODE_SIGN_STYLE = Automatic;
				DEVELOPMENT_ASSET_PATHS = "\"SherpaTest/Preview Content\"";
				DEVELOPMENT_TEAM = CKS5EY95X9;
				ENABLE_PREVIEWS = YES;
				INFOPLIST_FILE = SherpaTest/Info.plist;
				IPHONEOS_DEPLOYMENT_TARGET = 14.0;
				LD_RUNPATH_SEARCH_PATHS = (
					"$(inherited)",
					"@executable_path/Frameworks",
				);
				OTHER_SWIFT_FLAGS = "-Xfrontend -warn-long-expression-type-checking=200";
				PRODUCT_BUNDLE_IDENTIFIER = com.jakeheis.SherpaTest;
				PRODUCT_NAME = "$(TARGET_NAME)";
				SWIFT_VERSION = 5.0;
				TARGETED_DEVICE_FAMILY = "1,2";
			};
			name = Debug;
		};
		EFF2E76726F2474800737368 /* Release */ = {
			isa = XCBuildConfiguration;
			buildSettings = {
				ASSETCATALOG_COMPILER_APPICON_NAME = AppIcon;
				ASSETCATALOG_COMPILER_GLOBAL_ACCENT_COLOR_NAME = AccentColor;
				CODE_SIGN_STYLE = Automatic;
				DEVELOPMENT_ASSET_PATHS = "\"SherpaTest/Preview Content\"";
				DEVELOPMENT_TEAM = CKS5EY95X9;
				ENABLE_PREVIEWS = YES;
				INFOPLIST_FILE = SherpaTest/Info.plist;
				IPHONEOS_DEPLOYMENT_TARGET = 14.0;
				LD_RUNPATH_SEARCH_PATHS = (
					"$(inherited)",
					"@executable_path/Frameworks",
				);
				OTHER_SWIFT_FLAGS = "-Xfrontend -warn-long-expression-type-checking=200";
				PRODUCT_BUNDLE_IDENTIFIER = com.jakeheis.SherpaTest;
				PRODUCT_NAME = "$(TARGET_NAME)";
				SWIFT_VERSION = 5.0;
				TARGETED_DEVICE_FAMILY = "1,2";
			};
			name = Release;
		};
/* End XCBuildConfiguration section */

/* Begin XCConfigurationList section */
		EFF2E75126F2474600737368 /* Build configuration list for PBXProject "SherpaTest" */ = {
			isa = XCConfigurationList;
			buildConfigurations = (
				EFF2E76326F2474800737368 /* Debug */,
				EFF2E76426F2474800737368 /* Release */,
			);
			defaultConfigurationIsVisible = 0;
			defaultConfigurationName = Release;
		};
		EFF2E76526F2474800737368 /* Build configuration list for PBXNativeTarget "SherpaTest" */ = {
			isa = XCConfigurationList;
			buildConfigurations = (
				EFF2E76626F2474800737368 /* Debug */,
				EFF2E76726F2474800737368 /* Release */,
			);
			defaultConfigurationIsVisible = 0;
			defaultConfigurationName = Release;
		};
/* End XCConfigurationList section */
	};
	rootObject = EFF2E74E26F2474600737368 /* Project object */;
}
